
Microsoft Visual Studio Solution File, Format Version 12.00
# Visual Studio Version 16
VisualStudioVersion = 16.0.30225.117
MinimumVisualStudioVersion = 10.0.40219.1
Project("{FAE04EC0-301F-11D3-BF4B-00C04F79EFBC}") = "ConsoleDI", "ConsoleDI\ConsoleDI.csproj", "{3E671FC4-E91C-45CA-AF47-479B1273A97B}"
EndProject
Project("{FAE04EC0-301F-11D3-BF4B-00C04F79EFBC}") = "DILibrary", "DILibrary\DILibrary.csproj", "{56B2B11D-CAEC-4B2C-9A11-D1C791E2F281}"
EndProject
Global
	GlobalSection(SolutionConfigurationPlatforms) = preSolution
		Debug|Any CPU = Debug|Any CPU
		Release|Any CPU = Release|Any CPU
	EndGlobalSection
	GlobalSection(ProjectConfigurationPlatforms) = postSolution
		{3E671FC4-E91C-45CA-AF47-479B1273A97B}.Debug|Any CPU.ActiveCfg = Debug|Any CPU
		{3E671FC4-E91C-45CA-AF47-479B1273A97B}.Debug|Any CPU.Build.0 = Debug|Any CPU
		{3E671FC4-E91C-45CA-AF47-479B1273A97B}.Release|Any CPU.ActiveCfg = Release|Any CPU
		{3E671FC4-E91C-45CA-AF47-479B1273A97B}.Release|Any CPU.Build.0 = Release|Any CPU
		{56B2B11D-CAEC-4B2C-9A11-D1C791E2F281}.Debug|Any CPU.ActiveCfg = Debug|Any CPU
		{56B2B11D-CAEC-4B2C-9A11-D1C791E2F281}.Debug|Any CPU.Build.0 = Debug|Any CPU
		{56B2B11D-CAEC-4B2C-9A11-D1C791E2F281}.Release|Any CPU.ActiveCfg = Release|Any CPU
		{56B2B11D-CAEC-4B2C-9A11-D1C791E2F281}.Release|Any CPU.Build.0 = Release|Any CPU
	EndGlobalSection
	GlobalSection(SolutionProperties) = preSolution
		HideSolutionNode = FALSE
	EndGlobalSection
	GlobalSection(ExtensibilityGlobals) = postSolution
		SolutionGuid = {6745E740-FBBE-4140-9C47-307C485F8975}
	EndGlobalSection
EndGlobal
